{
  "name": "aiscript-vscode",
  "version": "0.1.0",
  "lockfileVersion": 3,
  "requires": true,
  "packages": {
    "": {
      "name": "aiscript-vscode",
      "version": "0.1.0",
      "dependencies": {
        "@aiscript-dev/aiscript-languageserver": "https://github.com/aiscript-dev/aiscript-languageserver/releases/download/0.1.5/aiscript-dev-aiscript-languageserver-0.1.5.tgz",
        "vscode-languageclient": "^9.0.1"
      },
      "devDependencies": {
        "@types/node": "^20.8.7",
        "@types/vscode": "^1.83.1",
        "esbuild": "^0.19.7",
        "typescript": "^5.2.2"
      },
      "engines": {
        "vscode": "^1.83.0"
      }
    },
    "node_modules/@aiscript-dev/aiscript-languageserver": {
      "version": "0.1.5",
      "resolved": "https://github.com/aiscript-dev/aiscript-languageserver/releases/download/0.1.5/aiscript-dev-aiscript-languageserver-0.1.5.tgz",
      "integrity": "sha512-SsgrydcRUgk9N0dRFI9Ank2UH9SZNtaJ9z/cYJCF09BQurhE2ZQNyhD8v5uYMAsaI8vt1awVl5A/qFzCcUiMUA==",
      "license": "MIT",
      "dependencies": {
        "seedrandom": "3.0.5",
        "stringz": "2.1.0",
        "uuid": "9.0.1",
        "vscode-languageserver": "^9.0.1",
        "vscode-languageserver-textdocument": "^1.0.11"
      },
      "bin": {
        "aiscript-languageserver": ".dist/cli/index.js"
      }
    },
    "node_modules/@esbuild/android-arm": {
      "version": "0.19.7",
      "resolved": "https://registry.npmjs.org/@esbuild/android-arm/-/android-arm-0.19.7.tgz",
      "integrity": "sha512-YGSPnndkcLo4PmVl2tKatEn+0mlVMr3yEpOOT0BeMria87PhvoJb5dg5f5Ft9fbCVgtAz4pWMzZVgSEGpDAlww==",
      "cpu": [
        "arm"
      ],
      "dev": true,
      "optional": true,
      "os": [
        "android"
      ],
      "engines": {
        "node": ">=12"
      }
    },
    "node_modules/@esbuild/android-arm64": {
      "version": "0.19.7",
      "resolved": "https://registry.npmjs.org/@esbuild/android-arm64/-/android-arm64-0.19.7.tgz",
      "integrity": "sha512-YEDcw5IT7hW3sFKZBkCAQaOCJQLONVcD4bOyTXMZz5fr66pTHnAet46XAtbXAkJRfIn2YVhdC6R9g4xa27jQ1w==",
      "cpu": [
        "arm64"
      ],
      "dev": true,
      "optional": true,
      "os": [
        "android"
      ],
      "engines": {
        "node": ">=12"
      }
    },
    "node_modules/@esbuild/android-x64": {
      "version": "0.19.7",
      "resolved": "https://registry.npmjs.org/@esbuild/android-x64/-/android-x64-0.19.7.tgz",
      "integrity": "sha512-jhINx8DEjz68cChFvM72YzrqfwJuFbfvSxZAk4bebpngGfNNRm+zRl4rtT9oAX6N9b6gBcFaJHFew5Blf6CvUw==",
      "cpu": [
        "x64"
      ],
      "dev": true,
      "optional": true,
      "os": [
        "android"
      ],
      "engines": {
        "node": ">=12"
      }
    },
    "node_modules/@esbuild/darwin-arm64": {
      "version": "0.19.7",
      "resolved": "https://registry.npmjs.org/@esbuild/darwin-arm64/-/darwin-arm64-0.19.7.tgz",
      "integrity": "sha512-dr81gbmWN//3ZnBIm6YNCl4p3pjnabg1/ZVOgz2fJoUO1a3mq9WQ/1iuEluMs7mCL+Zwv7AY5e3g1hjXqQZ9Iw==",
      "cpu": [
        "arm64"
      ],
      "dev": true,
      "optional": true,
      "os": [
        "darwin"
      ],
      "engines": {
        "node": ">=12"
      }
    },
    "node_modules/@esbuild/darwin-x64": {
      "version": "0.19.7",
      "resolved": "https://registry.npmjs.org/@esbuild/darwin-x64/-/darwin-x64-0.19.7.tgz",
      "integrity": "sha512-Lc0q5HouGlzQEwLkgEKnWcSazqr9l9OdV2HhVasWJzLKeOt0PLhHaUHuzb8s/UIya38DJDoUm74GToZ6Wc7NGQ==",
      "cpu": [
        "x64"
      ],
      "dev": true,
      "optional": true,
      "os": [
        "darwin"
      ],
      "engines": {
        "node": ">=12"
      }
    },
    "node_modules/@esbuild/freebsd-arm64": {
      "version": "0.19.7",
      "resolved": "https://registry.npmjs.org/@esbuild/freebsd-arm64/-/freebsd-arm64-0.19.7.tgz",
      "integrity": "sha512-+y2YsUr0CxDFF7GWiegWjGtTUF6gac2zFasfFkRJPkMAuMy9O7+2EH550VlqVdpEEchWMynkdhC9ZjtnMiHImQ==",
      "cpu": [
        "arm64"
      ],
      "dev": true,
      "optional": true,
      "os": [
        "freebsd"
      ],
      "engines": {
        "node": ">=12"
      }
    },
    "node_modules/@esbuild/freebsd-x64": {
      "version": "0.19.7",
      "resolved": "https://registry.npmjs.org/@esbuild/freebsd-x64/-/freebsd-x64-0.19.7.tgz",
      "integrity": "sha512-CdXOxIbIzPJmJhrpmJTLx+o35NoiKBIgOvmvT+jeSadYiWJn0vFKsl+0bSG/5lwjNHoIDEyMYc/GAPR9jxusTA==",
      "cpu": [
        "x64"
      ],
      "dev": true,
      "optional": true,
      "os": [
        "freebsd"
      ],
      "engines": {
        "node": ">=12"
      }
    },
    "node_modules/@esbuild/linux-arm": {
      "version": "0.19.7",
      "resolved": "https://registry.npmjs.org/@esbuild/linux-arm/-/linux-arm-0.19.7.tgz",
      "integrity": "sha512-Y+SCmWxsJOdQtjcBxoacn/pGW9HDZpwsoof0ttL+2vGcHokFlfqV666JpfLCSP2xLxFpF1lj7T3Ox3sr95YXww==",
      "cpu": [
        "arm"
      ],
      "dev": true,
      "optional": true,
      "os": [
        "linux"
      ],
      "engines": {
        "node": ">=12"
      }
    },
    "node_modules/@esbuild/linux-arm64": {
      "version": "0.19.7",
      "resolved": "https://registry.npmjs.org/@esbuild/linux-arm64/-/linux-arm64-0.19.7.tgz",
      "integrity": "sha512-inHqdOVCkUhHNvuQPT1oCB7cWz9qQ/Cz46xmVe0b7UXcuIJU3166aqSunsqkgSGMtUCWOZw3+KMwI6otINuC9g==",
      "cpu": [
        "arm64"
      ],
      "dev": true,
      "optional": true,
      "os": [
        "linux"
      ],
      "engines": {
        "node": ">=12"
      }
    },
    "node_modules/@esbuild/linux-ia32": {
      "version": "0.19.7",
      "resolved": "https://registry.npmjs.org/@esbuild/linux-ia32/-/linux-ia32-0.19.7.tgz",
      "integrity": "sha512-2BbiL7nLS5ZO96bxTQkdO0euGZIUQEUXMTrqLxKUmk/Y5pmrWU84f+CMJpM8+EHaBPfFSPnomEaQiG/+Gmh61g==",
      "cpu": [
        "ia32"
      ],
      "dev": true,
      "optional": true,
      "os": [
        "linux"
      ],
      "engines": {
        "node": ">=12"
      }
    },
    "node_modules/@esbuild/linux-loong64": {
      "version": "0.19.7",
      "resolved": "https://registry.npmjs.org/@esbuild/linux-loong64/-/linux-loong64-0.19.7.tgz",
      "integrity": "sha512-BVFQla72KXv3yyTFCQXF7MORvpTo4uTA8FVFgmwVrqbB/4DsBFWilUm1i2Oq6zN36DOZKSVUTb16jbjedhfSHw==",
      "cpu": [
        "loong64"
      ],
      "dev": true,
      "optional": true,
      "os": [
        "linux"
      ],
      "engines": {
        "node": ">=12"
      }
    },
    "node_modules/@esbuild/linux-mips64el": {
      "version": "0.19.7",
      "resolved": "https://registry.npmjs.org/@esbuild/linux-mips64el/-/linux-mips64el-0.19.7.tgz",
      "integrity": "sha512-DzAYckIaK+pS31Q/rGpvUKu7M+5/t+jI+cdleDgUwbU7KdG2eC3SUbZHlo6Q4P1CfVKZ1lUERRFP8+q0ob9i2w==",
      "cpu": [
        "mips64el"
      ],
      "dev": true,
      "optional": true,
      "os": [
        "linux"
      ],
      "engines": {
        "node": ">=12"
      }
    },
    "node_modules/@esbuild/linux-ppc64": {
      "version": "0.19.7",
      "resolved": "https://registry.npmjs.org/@esbuild/linux-ppc64/-/linux-ppc64-0.19.7.tgz",
      "integrity": "sha512-JQ1p0SmUteNdUaaiRtyS59GkkfTW0Edo+e0O2sihnY4FoZLz5glpWUQEKMSzMhA430ctkylkS7+vn8ziuhUugQ==",
      "cpu": [
        "ppc64"
      ],
      "dev": true,
      "optional": true,
      "os": [
        "linux"
      ],
      "engines": {
        "node": ">=12"
      }
    },
    "node_modules/@esbuild/linux-riscv64": {
      "version": "0.19.7",
      "resolved": "https://registry.npmjs.org/@esbuild/linux-riscv64/-/linux-riscv64-0.19.7.tgz",
      "integrity": "sha512-xGwVJ7eGhkprY/nB7L7MXysHduqjpzUl40+XoYDGC4UPLbnG+gsyS1wQPJ9lFPcxYAaDXbdRXd1ACs9AE9lxuw==",
      "cpu": [
        "riscv64"
      ],
      "dev": true,
      "optional": true,
      "os": [
        "linux"
      ],
      "engines": {
        "node": ">=12"
      }
    },
    "node_modules/@esbuild/linux-s390x": {
      "version": "0.19.7",
      "resolved": "https://registry.npmjs.org/@esbuild/linux-s390x/-/linux-s390x-0.19.7.tgz",
      "integrity": "sha512-U8Rhki5PVU0L0nvk+E8FjkV8r4Lh4hVEb9duR6Zl21eIEYEwXz8RScj4LZWA2i3V70V4UHVgiqMpszXvG0Yqhg==",
      "cpu": [
        "s390x"
      ],
      "dev": true,
      "optional": true,
      "os": [
        "linux"
      ],
      "engines": {
        "node": ">=12"
      }
    },
    "node_modules/@esbuild/linux-x64": {
      "version": "0.19.7",
      "resolved": "https://registry.npmjs.org/@esbuild/linux-x64/-/linux-x64-0.19.7.tgz",
      "integrity": "sha512-ZYZopyLhm4mcoZXjFt25itRlocKlcazDVkB4AhioiL9hOWhDldU9n38g62fhOI4Pth6vp+Mrd5rFKxD0/S+7aQ==",
      "cpu": [
        "x64"
      ],
      "dev": true,
      "optional": true,
      "os": [
        "linux"
      ],
      "engines": {
        "node": ">=12"
      }
    },
    "node_modules/@esbuild/netbsd-x64": {
      "version": "0.19.7",
      "resolved": "https://registry.npmjs.org/@esbuild/netbsd-x64/-/netbsd-x64-0.19.7.tgz",
      "integrity": "sha512-/yfjlsYmT1O3cum3J6cmGG16Fd5tqKMcg5D+sBYLaOQExheAJhqr8xOAEIuLo8JYkevmjM5zFD9rVs3VBcsjtQ==",
      "cpu": [
        "x64"
      ],
      "dev": true,
      "optional": true,
      "os": [
        "netbsd"
      ],
      "engines": {
        "node": ">=12"
      }
    },
    "node_modules/@esbuild/openbsd-x64": {
      "version": "0.19.7",
      "resolved": "https://registry.npmjs.org/@esbuild/openbsd-x64/-/openbsd-x64-0.19.7.tgz",
      "integrity": "sha512-MYDFyV0EW1cTP46IgUJ38OnEY5TaXxjoDmwiTXPjezahQgZd+j3T55Ht8/Q9YXBM0+T9HJygrSRGV5QNF/YVDQ==",
      "cpu": [
        "x64"
      ],
      "dev": true,
      "optional": true,
      "os": [
        "openbsd"
      ],
      "engines": {
        "node": ">=12"
      }
    },
    "node_modules/@esbuild/sunos-x64": {
      "version": "0.19.7",
      "resolved": "https://registry.npmjs.org/@esbuild/sunos-x64/-/sunos-x64-0.19.7.tgz",
      "integrity": "sha512-JcPvgzf2NN/y6X3UUSqP6jSS06V0DZAV/8q0PjsZyGSXsIGcG110XsdmuWiHM+pno7/mJF6fjH5/vhUz/vA9fw==",
      "cpu": [
        "x64"
      ],
      "dev": true,
      "optional": true,
      "os": [
        "sunos"
      ],
      "engines": {
        "node": ">=12"
      }
    },
    "node_modules/@esbuild/win32-arm64": {
      "version": "0.19.7",
      "resolved": "https://registry.npmjs.org/@esbuild/win32-arm64/-/win32-arm64-0.19.7.tgz",
      "integrity": "sha512-ZA0KSYti5w5toax5FpmfcAgu3ZNJxYSRm0AW/Dao5up0YV1hDVof1NvwLomjEN+3/GMtaWDI+CIyJOMTRSTdMw==",
      "cpu": [
        "arm64"
      ],
      "dev": true,
      "optional": true,
      "os": [
        "win32"
      ],
      "engines": {
        "node": ">=12"
      }
    },
    "node_modules/@esbuild/win32-ia32": {
      "version": "0.19.7",
      "resolved": "https://registry.npmjs.org/@esbuild/win32-ia32/-/win32-ia32-0.19.7.tgz",
      "integrity": "sha512-CTOnijBKc5Jpk6/W9hQMMvJnsSYRYgveN6O75DTACCY18RA2nqka8dTZR+x/JqXCRiKk84+5+bRKXUSbbwsS0A==",
      "cpu": [
        "ia32"
      ],
      "dev": true,
      "optional": true,
      "os": [
        "win32"
      ],
      "engines": {
        "node": ">=12"
      }
    },
    "node_modules/@esbuild/win32-x64": {
      "version": "0.19.7",
      "resolved": "https://registry.npmjs.org/@esbuild/win32-x64/-/win32-x64-0.19.7.tgz",
      "integrity": "sha512-gRaP2sk6hc98N734luX4VpF318l3w+ofrtTu9j5L8EQXF+FzQKV6alCOHMVoJJHvVK/mGbwBXfOL1HETQu9IGQ==",
      "cpu": [
        "x64"
      ],
      "dev": true,
      "optional": true,
      "os": [
        "win32"
      ],
      "engines": {
        "node": ">=12"
      }
    },
    "node_modules/@types/node": {
      "version": "20.9.0",
      "resolved": "https://registry.npmjs.org/@types/node/-/node-20.9.0.tgz",
      "integrity": "sha512-nekiGu2NDb1BcVofVcEKMIwzlx4NjHlcjhoxxKBNLtz15Y1z7MYf549DFvkHSId02Ax6kGwWntIBPC3l/JZcmw==",
      "dev": true,
      "dependencies": {
        "undici-types": "~5.26.4"
      }
    },
    "node_modules/@types/vscode": {
      "version": "1.84.1",
      "resolved": "https://registry.npmjs.org/@types/vscode/-/vscode-1.84.1.tgz",
      "integrity": "sha512-DB10vBRLEPA/us7p3gQilU2Tq5HDu6JWTyCpD9qtb7MKWIvJS5In9HU3YgVGCXf/miwHJiY62aXwjtUSMpT8HA==",
      "dev": true
    },
    "node_modules/balanced-match": {
      "version": "1.0.2",
      "resolved": "https://registry.npmjs.org/balanced-match/-/balanced-match-1.0.2.tgz",
      "integrity": "sha512-3oSeUO0TMV67hN1AmbXsK4yaqU7tjiHlbxRDZOpH0KW9+CeX4bRAaX0Anxt0tx2MrpRpWwQaPwIlISEJhYU5Pw=="
    },
    "node_modules/brace-expansion": {
      "version": "2.0.1",
      "resolved": "https://registry.npmjs.org/brace-expansion/-/brace-expansion-2.0.1.tgz",
      "integrity": "sha512-XnAIvQ8eM+kC6aULx6wuQiwVsnzsi9d3WxzV3FpWTGA19F621kwdbsAcFKXgKUHZWsy+mY6iL1sHTxWEFCytDA==",
      "dependencies": {
        "balanced-match": "^1.0.0"
      }
    },
    "node_modules/char-regex": {
      "version": "1.0.2",
      "resolved": "https://registry.npmjs.org/char-regex/-/char-regex-1.0.2.tgz",
      "integrity": "sha512-kWWXztvZ5SBQV+eRgKFeh8q5sLuZY2+8WUIzlxWVTg+oGwY14qylx1KbKzHd8P6ZYkAg0xyIDU9JMHhyJMZ1jw==",
      "engines": {
        "node": ">=10"
      }
    },
    "node_modules/esbuild": {
      "version": "0.19.7",
      "resolved": "https://registry.npmjs.org/esbuild/-/esbuild-0.19.7.tgz",
      "integrity": "sha512-6brbTZVqxhqgbpqBR5MzErImcpA0SQdoKOkcWK/U30HtQxnokIpG3TX2r0IJqbFUzqLjhU/zC1S5ndgakObVCQ==",
      "dev": true,
      "hasInstallScript": true,
      "bin": {
        "esbuild": "bin/esbuild"
      },
      "engines": {
        "node": ">=12"
      },
      "optionalDependencies": {
        "@esbuild/android-arm": "0.19.7",
        "@esbuild/android-arm64": "0.19.7",
        "@esbuild/android-x64": "0.19.7",
        "@esbuild/darwin-arm64": "0.19.7",
        "@esbuild/darwin-x64": "0.19.7",
        "@esbuild/freebsd-arm64": "0.19.7",
        "@esbuild/freebsd-x64": "0.19.7",
        "@esbuild/linux-arm": "0.19.7",
        "@esbuild/linux-arm64": "0.19.7",
        "@esbuild/linux-ia32": "0.19.7",
        "@esbuild/linux-loong64": "0.19.7",
        "@esbuild/linux-mips64el": "0.19.7",
        "@esbuild/linux-ppc64": "0.19.7",
        "@esbuild/linux-riscv64": "0.19.7",
        "@esbuild/linux-s390x": "0.19.7",
        "@esbuild/linux-x64": "0.19.7",
        "@esbuild/netbsd-x64": "0.19.7",
        "@esbuild/openbsd-x64": "0.19.7",
        "@esbuild/sunos-x64": "0.19.7",
        "@esbuild/win32-arm64": "0.19.7",
        "@esbuild/win32-ia32": "0.19.7",
        "@esbuild/win32-x64": "0.19.7"
      }
    },
    "node_modules/lru-cache": {
      "version": "6.0.0",
      "resolved": "https://registry.npmjs.org/lru-cache/-/lru-cache-6.0.0.tgz",
      "integrity": "sha512-Jo6dJ04CmSjuznwJSS3pUeWmd/H0ffTlkXXgwZi+eq1UCmqQwCh+eLsYOYCwY991i2Fah4h1BEMCx4qThGbsiA==",
      "dependencies": {
        "yallist": "^4.0.0"
      },
      "engines": {
        "node": ">=10"
      }
    },
    "node_modules/minimatch": {
      "version": "5.1.6",
      "resolved": "https://registry.npmjs.org/minimatch/-/minimatch-5.1.6.tgz",
      "integrity": "sha512-lKwV/1brpG6mBUFHtb7NUmtABCb2WZZmm2wNiOA5hAb8VdCS4B3dtMWyvcoViccwAW/COERjXLt0zP1zXUN26g==",
      "dependencies": {
        "brace-expansion": "^2.0.1"
      },
      "engines": {
        "node": ">=10"
      }
    },
    "node_modules/seedrandom": {
      "version": "3.0.5",
      "resolved": "https://registry.npmjs.org/seedrandom/-/seedrandom-3.0.5.tgz",
      "integrity": "sha512-8OwmbklUNzwezjGInmZ+2clQmExQPvomqjL7LFqOYqtmuxRgQYqOD3mHaU+MvZn5FLUeVxVfQjwLZW/n/JFuqg=="
    },
    "node_modules/semver": {
      "version": "7.5.4",
      "resolved": "https://registry.npmjs.org/semver/-/semver-7.5.4.tgz",
      "integrity": "sha512-1bCSESV6Pv+i21Hvpxp3Dx+pSD8lIPt8uVjRrxAUt/nbswYc+tK6Y2btiULjd4+fnq15PX+nqQDC7Oft7WkwcA==",
      "dependencies": {
        "lru-cache": "^6.0.0"
      },
      "bin": {
        "semver": "bin/semver.js"
      },
      "engines": {
        "node": ">=10"
      }
    },
    "node_modules/stringz": {
      "version": "2.1.0",
      "resolved": "https://registry.npmjs.org/stringz/-/stringz-2.1.0.tgz",
      "integrity": "sha512-KlywLT+MZ+v0IRepfMxRtnSvDCMc3nR1qqCs3m/qIbSOWkNZYT8XHQA31rS3TnKp0c5xjZu3M4GY/2aRKSi/6A==",
      "dependencies": {
        "char-regex": "^1.0.2"
      }
    },
    "node_modules/typescript": {
      "version": "5.2.2",
      "resolved": "https://registry.npmjs.org/typescript/-/typescript-5.2.2.tgz",
      "integrity": "sha512-mI4WrpHsbCIcwT9cF4FZvr80QUeKvsUsUvKDoR+X/7XHQH98xYD8YHZg7ANtz2GtZt/CBq2QJ0thkGJMHfqc1w==",
      "dev": true,
      "bin": {
        "tsc": "bin/tsc",
        "tsserver": "bin/tsserver"
      },
      "engines": {
        "node": ">=14.17"
      }
    },
    "node_modules/undici-types": {
      "version": "5.26.5",
      "resolved": "https://registry.npmjs.org/undici-types/-/undici-types-5.26.5.tgz",
      "integrity": "sha512-JlCMO+ehdEIKqlFxk6IfVoAUVmgz7cU7zD/h9XZ0qzeosSHmUJVOzSQvvYSYWXkFXC+IfLKSIffhv0sVZup6pA==",
      "dev": true
    },
    "node_modules/uuid": {
      "version": "9.0.1",
      "resolved": "https://registry.npmjs.org/uuid/-/uuid-9.0.1.tgz",
      "integrity": "sha512-b+1eJOlsR9K8HJpow9Ok3fiWOWSIcIzXodvv0rQjVoOVNpWMpxf1wZNpt4y9h10odCNrqnYp1OBzRktckBe3sA==",
      "funding": [
        "https://github.com/sponsors/broofa",
        "https://github.com/sponsors/ctavan"
      ],
      "bin": {
        "uuid": "dist/bin/uuid"
      }
    },
    "node_modules/vscode-jsonrpc": {
      "version": "8.2.0",
      "resolved": "https://registry.npmjs.org/vscode-jsonrpc/-/vscode-jsonrpc-8.2.0.tgz",
      "integrity": "sha512-C+r0eKJUIfiDIfwJhria30+TYWPtuHJXHtI7J0YlOmKAo7ogxP20T0zxB7HZQIFhIyvoBPwWskjxrvAtfjyZfA==",
      "engines": {
        "node": ">=14.0.0"
      }
    },
    "node_modules/vscode-languageclient": {
      "version": "9.0.1",
      "resolved": "https://registry.npmjs.org/vscode-languageclient/-/vscode-languageclient-9.0.1.tgz",
      "integrity": "sha512-JZiimVdvimEuHh5olxhxkht09m3JzUGwggb5eRUkzzJhZ2KjCN0nh55VfiED9oez9DyF8/fz1g1iBV3h+0Z2EA==",
      "dependencies": {
        "minimatch": "^5.1.0",
        "semver": "^7.3.7",
        "vscode-languageserver-protocol": "3.17.5"
      },
      "engines": {
        "vscode": "^1.82.0"
      }
    },
    "node_modules/vscode-languageserver": {
      "version": "9.0.1",
      "resolved": "https://registry.npmjs.org/vscode-languageserver/-/vscode-languageserver-9.0.1.tgz",
      "integrity": "sha512-woByF3PDpkHFUreUa7Hos7+pUWdeWMXRd26+ZX2A8cFx6v/JPTtd4/uN0/jB6XQHYaOlHbio03NTHCqrgG5n7g==",
      "dependencies": {
        "vscode-languageserver-protocol": "3.17.5"
      },
      "bin": {
        "installServerIntoExtension": "bin/installServerIntoExtension"
      }
    },
    "node_modules/vscode-languageserver-protocol": {
      "version": "3.17.5",
      "resolved": "https://registry.npmjs.org/vscode-languageserver-protocol/-/vscode-languageserver-protocol-3.17.5.tgz",
      "integrity": "sha512-mb1bvRJN8SVznADSGWM9u/b07H7Ecg0I3OgXDuLdn307rl/J3A9YD6/eYOssqhecL27hK1IPZAsaqh00i/Jljg==",
      "dependencies": {
        "vscode-jsonrpc": "8.2.0",
        "vscode-languageserver-types": "3.17.5"
      }
    },
    "node_modules/vscode-languageserver-textdocument": {
      "version": "1.0.11",
      "resolved": "https://registry.npmjs.org/vscode-languageserver-textdocument/-/vscode-languageserver-textdocument-1.0.11.tgz",
      "integrity": "sha512-X+8T3GoiwTVlJbicx/sIAF+yuJAqz8VvwJyoMVhwEMoEKE/fkDmrqUgDMyBECcM2A2frVZIUj5HI/ErRXCfOeA=="
    },
    "node_modules/vscode-languageserver-types": {
      "version": "3.17.5",
      "resolved": "https://registry.npmjs.org/vscode-languageserver-types/-/vscode-languageserver-types-3.17.5.tgz",
      "integrity": "sha512-Ld1VelNuX9pdF39h2Hgaeb5hEZM2Z3jUrrMgWQAu82jMtZp7p3vJT3BzToKtZI7NgQssZje5o0zryOrhQvzQAg=="
    },
    "node_modules/yallist": {
      "version": "4.0.0",
      "resolved": "https://registry.npmjs.org/yallist/-/yallist-4.0.0.tgz",
      "integrity": "sha512-3wdGidZyq5PB084XLES5TpOSRA3wjXAlIWMhum2kRcv/41Sn2emQ0dycQW4uZXLejwKvg6EsvbdlVL+FYEct7A=="
    }
  }
}
